{
  "version": 4,
  "terraform_version": "1.7.0",
  "serial": 14,
  "lineage": "8e2a6d9e-4ca1-2dea-9e2c-f0bdfeb71f5e",
  "outputs": {
    "vm-ip": {
      "value": "192.168.0.182",
      "type": "string"
    }
  },
  "resources": [
    {
      "mode": "data",
      "type": "template_file",
      "name": "inventory",
      "provider": "provider[\"registry.opentofu.org/hashicorp/template\"]",
      "instances": [
        {
          "schema_version": 0,
          "attributes": {
            "filename": null,
            "id": "8a98dc7f05644a0fec54f6793291504c362112a564d4e0296e2b2b52ff7cf208",
            "rendered": "all:\n  children:\n    jenkins:\n      children:\n        controller:\n          hosts:\n            controller1:\n              ansible_host: \"192.168.0.182\"\n              ansible_user: \"administrator\"\n              ansible_ssh_private_key_file: '{{ cluster_ssh_key }}'",
            "template": "all:\n  children:\n    ${host_name}:\n      children:\n        controller:\n          hosts:\n            controller1:\n              ansible_host: \"${vm_ip}\"\n              ansible_user: \"administrator\"\n              ansible_ssh_private_key_file: '{{ cluster_ssh_key }}'",
            "vars": {
              "host_name": "jenkins",
              "vm_ip": "192.168.0.182"
            }
          },
          "sensitive_attributes": []
        }
      ]
    },
    {
      "mode": "managed",
      "type": "local_file",
      "name": "ansible_inventory",
      "provider": "provider[\"registry.opentofu.org/hashicorp/local\"]",
      "instances": [
        {
          "schema_version": 0,
          "attributes": {
            "content": "all:\n  children:\n    jenkins:\n      children:\n        controller:\n          hosts:\n            controller1:\n              ansible_host: \"192.168.0.182\"\n              ansible_user: \"administrator\"\n              ansible_ssh_private_key_file: '{{ cluster_ssh_key }}'",
            "content_base64": null,
            "content_base64sha256": "ipjcfwVkSg/sVPZ5MpFQTDYhEqVk1OApbisrUv988gg=",
            "content_base64sha512": "P5PHvZMpr0eqHhGTYeN2/1jul2soPe7ItTNXR243sMLcC/cotLt7x7HXAZM3qd1sLOn3uHh5GrXUP9bCKUtfEw==",
            "content_md5": "0e699e7ae6ec1f240bc46c5b35a16eb5",
            "content_sha1": "d356f846b35ad0e3002f8e92c56b46a685df1702",
            "content_sha256": "8a98dc7f05644a0fec54f6793291504c362112a564d4e0296e2b2b52ff7cf208",
            "content_sha512": "3f93c7bd9329af47aa1e119361e376ff58ee976b283deec8b53357476e37b0c2dc0bf728b4bb7bc7b1d7019337a9dd6c2ce9f7b878791ab5d43fd6c2294b5f13",
            "directory_permission": "0777",
            "file_permission": "0777",
            "filename": "./inventory.yaml",
            "id": "d356f846b35ad0e3002f8e92c56b46a685df1702",
            "sensitive_content": null,
            "source": null
          },
          "sensitive_attributes": [],
          "dependencies": [
            "data.template_file.inventory",
            "module.vm_single_instance.proxmox_vm_qemu.vm"
          ]
        }
      ]
    },
    {
      "module": "module.vm_single_instance",
      "mode": "managed",
      "type": "proxmox_vm_qemu",
      "name": "vm",
      "provider": "module.vm_single_instance.provider[\"registry.opentofu.org/telmate/proxmox\"]",
      "instances": [
        {
          "schema_version": 0,
          "attributes": {
            "additional_wait": 5,
            "agent": 1,
            "args": "",
            "automatic_reboot": true,
            "balloon": 0,
            "bios": "seabios",
            "boot": "order=scsi0;ide2;net0",
            "bootdisk": "",
            "bridge": null,
            "ci_wait": null,
            "cicustom": "",
            "cipassword": "",
            "ciuser": "",
            "clone": "ubuntu-server-beta",
            "clone_wait": 10,
            "cloudinit_cdrom_storage": "",
            "cores": 2,
            "cpu": "host",
            "default_ipv4_address": "192.168.0.182",
            "define_connection_info": true,
            "desc": "",
            "disk": [],
            "disk_gb": null,
            "disks": [
              {
                "ide": [],
                "sata": [],
                "scsi": [
                  {
                    "scsi0": [
                      {
                        "cdrom": [],
                        "disk": [
                          {
                            "asyncio": "",
                            "backup": true,
                            "cache": "none",
                            "discard": true,
                            "emulatessd": true,
                            "format": "raw",
                            "id": 1,
                            "iops_r_burst": 0,
                            "iops_r_burst_length": 0,
                            "iops_r_concurrent": 0,
                            "iops_wr_burst": 0,
                            "iops_wr_burst_length": 0,
                            "iops_wr_concurrent": 0,
                            "iothread": true,
                            "linked_disk_id": -1,
                            "mbps_r_burst": 0,
                            "mbps_r_concurrent": 0,
                            "mbps_wr_burst": 0,
                            "mbps_wr_concurrent": 0,
                            "readonly": false,
                            "replicate": true,
                            "serial": "",
                            "size": 32,
                            "storage": "Kingstone-data",
                            "wwn": ""
                          }
                        ],
                        "passthrough": []
                      }
                    ],
                    "scsi1": [],
                    "scsi10": [],
                    "scsi11": [],
                    "scsi12": [],
                    "scsi13": [],
                    "scsi14": [],
                    "scsi15": [],
                    "scsi16": [],
                    "scsi17": [],
                    "scsi18": [],
                    "scsi19": [],
                    "scsi2": [],
                    "scsi20": [],
                    "scsi21": [],
                    "scsi22": [],
                    "scsi23": [],
                    "scsi24": [],
                    "scsi25": [],
                    "scsi26": [],
                    "scsi27": [],
                    "scsi28": [],
                    "scsi29": [],
                    "scsi3": [],
                    "scsi30": [],
                    "scsi4": [],
                    "scsi5": [],
                    "scsi6": [],
                    "scsi7": [],
                    "scsi8": [],
                    "scsi9": []
                  }
                ],
                "virtio": []
              }
            ],
            "efidisk": [],
            "force_create": false,
            "force_recreate_on_change_of": null,
            "full_clone": true,
            "guest_agent_ready_timeout": 100,
            "hagroup": "",
            "hastate": "",
            "hostpci": [],
            "hotplug": "network,disk,usb",
            "id": "proxmox/qemu/102",
            "ipconfig0": "",
            "ipconfig1": "",
            "ipconfig10": "",
            "ipconfig11": "",
            "ipconfig12": "",
            "ipconfig13": "",
            "ipconfig14": "",
            "ipconfig15": "",
            "ipconfig2": "",
            "ipconfig3": "",
            "ipconfig4": "",
            "ipconfig5": "",
            "ipconfig6": "",
            "ipconfig7": "",
            "ipconfig8": "",
            "ipconfig9": "",
            "iso": "",
            "kvm": true,
            "linked_vmid": 0,
            "mac": null,
            "machine": "",
            "memory": 2048,
            "name": "jenkins",
            "nameserver": "",
            "network": [
              {
                "bridge": "vmbr0",
                "firewall": false,
                "link_down": false,
                "macaddr": "9E:6F:39:6F:34:F5",
                "model": "virtio",
                "mtu": 0,
                "queues": 0,
                "rate": 0,
                "tag": -1
              }
            ],
            "nic": null,
            "numa": false,
            "onboot": false,
            "oncreate": false,
            "os_network_config": null,
            "os_type": null,
            "pool": "",
            "preprovision": true,
            "pxe": null,
            "qemu_os": "l26",
            "reboot_required": false,
            "scsihw": "virtio-scsi-single",
            "searchdomain": "",
            "serial": [],
            "smbios": [
              {
                "family": "",
                "manufacturer": "",
                "product": "",
                "serial": "",
                "sku": "",
                "uuid": "da091abe-27bb-496f-a096-6a45bd8c0a35",
                "version": ""
              }
            ],
            "sockets": 1,
            "ssh_forward_ip": null,
            "ssh_host": "192.168.0.182",
            "ssh_port": "22",
            "ssh_private_key": null,
            "ssh_user": null,
            "sshkeys": "",
            "startup": "",
            "storage": null,
            "storage_type": null,
            "tablet": true,
            "tags": "terraform",
            "target_node": "proxmox",
            "target_nodes": null,
            "timeouts": null,
            "unused_disk": [],
            "usb": [],
            "vcpus": 0,
            "vga": [],
            "vlan": -1,
            "vm_state": "running",
            "vmid": null
          },
          "sensitive_attributes": [],
          "private": "eyJlMmJmYjczMC1lY2FhLTExZTYtOGY4OC0zNDM2M2JjN2M0YzAiOnsiY3JlYXRlIjoxMjAwMDAwMDAwMDAwLCJkZWZhdWx0IjoxMjAwMDAwMDAwMDAwLCJkZWxldGUiOjEyMDAwMDAwMDAwMDAsInJlYWQiOjEyMDAwMDAwMDAwMDAsInVwZGF0ZSI6MTIwMDAwMDAwMDAwMH19"
        }
      ]
    }
  ],
  "check_results": null
}
